Microsoft Visual Studio Solution File, Format Version 12.00
# Visual Studio Version 18
VisualStudioVersion = 18.4.11605.240
MinimumVisualStudioVersion = 10.0.40219.1
Project("{FAE04EC0-301F-11D3-BF4B-00C04F79EFBC}") = "Rental.Api", "Source\Backend\Rental.Api\Rental.Api.csproj", "{A1B2C3D4-E5F6-4789-8A1B-2C3D4E5F6A7B}"
EndProject
Project("{FAE04EC0-301F-11D3-BF4B-00C04F79EFBC}") = "Rental.Application", "Source\Backend\Rental.Application\Rental.Application.csproj", "{B2C3D4E5-F6A7-4890-9B2C-3D4E5F6A7B8C}"
EndProject
Project("{FAE04EC0-301F-11D3-BF4B-00C04F79EFBC}") = "Rental.Domain", "Source\Backend\Rental.Domain\Rental.Domain.csproj", "{C3D4E5F6-A7B8-4901-AC3D-4E5F6A7B8C9D}"
EndProject
Project("{FAE04EC0-301F-11D3-BF4B-00C04F79EFBC}") = "Rental.Persistence", "Source\Backend\Rental.Persistence\Rental.Persistence.csproj", "{D4E5F6A7-B8C9-4012-BD4E-5F6A7B8C9D0E}"
EndProject
Project("{FAE04EC0-301F-11D3-BF4B-00C04F79EFBC}") = "Rental.Core", "Source\Backend\Rental.Core\Rental.Core.csproj", "{E5F6A7B8-C9D0-4123-CE5F-6A7B8C9D0E1F}"
EndProject
Project("{FAE04EC0-301F-11D3-BF4B-00C04F79EFBC}") = "Rental.Infrastructure", "Source\Backend\Rental.Infrastructure\Rental.Infrastructure.csproj", "{F6A7B8C9-D0E1-4234-DF6A-7B8C9D0E1F2A}"
EndProject
Project("{FAE04EC0-301F-11D3-BF4B-00C04F79EFBC}") = "Rental.Security", "Source\Backend\Rental.Security\Rental.Security.csproj", "{01234567-89AB-4CDE-AF01-23456789ABCD}"
EndProject
Project("{FAE04EC0-301F-11D3-BF4B-00C04F79EFBC}") = "Rental.Common", "Source\Backend\Rental.Common\Rental.Common.csproj", "{11234567-89AB-4CDE-AF01-23456789ABC1}"
EndProject
Project("{FAE04EC0-301F-11D3-BF4B-00C04F79EFBC}") = "Rental.Localization", "Source\Backend\Rental.Localization\Rental.Localization.csproj", "{31234567-89AB-4CDE-AF01-23456789ABC3}"
EndProject
Project("{FAE04EC0-301F-11D3-BF4B-00C04F79EFBC}") = "Rental.Logging", "Source\Backend\Rental.Logging\Rental.Logging.csproj", "{51234567-89AB-4CDE-AF01-23456789ABC5}"
EndProject
Project("{FAE04EC0-301F-11D3-BF4B-00C04F79EFBC}") = "Rental.Utilities", "Source\Backend\Rental.Utilities\Rental.Utilities.csproj", "{61234567-89AB-4CDE-AF01-23456789ABC6}"
EndProject
Project("{FAE04EC0-301F-11D3-BF4B-00C04F79EFBC}") = "Rental.Extensions", "Source\Backend\Rental.Extensions\Rental.Extensions.csproj", "{71234567-89AB-4CDE-AF01-23456789ABC7}"
EndProject
Project("{FAE04EC0-301F-11D3-BF4B-00C04F79EFBC}") = "Rental.Mail", "Source\Backend\Rental.Mail\Rental.Mail.csproj", "{81234567-89AB-4CDE-AF01-23456789ABC8}"
EndProject
Project("{FAE04EC0-301F-11D3-BF4B-00C04F79EFBC}") = "Rental.Hangfire", "Source\Backend\Rental.Hangfire\Rental.Hangfire.csproj", "{91234567-89AB-4CDE-AF01-23456789ABC9}"
EndProject
Project("{FAE04EC0-301F-11D3-BF4B-00C04F79EFBC}") = "Rental.Caching", "Source\Backend\Rental.Caching\Rental.Caching.csproj", "{A1234567-89AB-4CDE-AF01-23456789ABCA}"
EndProject
Project("{FAE04EC0-301F-11D3-BF4B-00C04F79EFBC}") = "Rental.Web", "Source\Backend\Rental.Web\Rental.Web.csproj", "{E1234567-89AB-4CDE-AF01-23456789ABC0}"
EndProject
Global
	GlobalSection(SolutionConfigurationPlatforms) = preSolution
		Debug|Any CPU = Debug|Any CPU
		Release|Any CPU = Release|Any CPU
	EndGlobalSection
	GlobalSection(ProjectConfigurationPlatforms) = postSolution
		{A1B2C3D4-E5F6-4789-8A1B-2C3D4E5F6A7B}.Debug|Any CPU.ActiveCfg = Debug|Any CPU
		{A1B2C3D4-E5F6-4789-8A1B-2C3D4E5F6A7B}.Debug|Any CPU.Build.0 = Debug|Any CPU
		{A1B2C3D4-E5F6-4789-8A1B-2C3D4E5F6A7B}.Release|Any CPU.ActiveCfg = Release|Any CPU
		{A1B2C3D4-E5F6-4789-8A1B-2C3D4E5F6A7B}.Release|Any CPU.Build.0 = Release|Any CPU
		{B2C3D4E5-F6A7-4890-9B2C-3D4E5F6A7B8C}.Debug|Any CPU.ActiveCfg = Debug|Any CPU
		{B2C3D4E5-F6A7-4890-9B2C-3D4E5F6A7B8C}.Debug|Any CPU.Build.0 = Debug|Any CPU
		{B2C3D4E5-F6A7-4890-9B2C-3D4E5F6A7B8C}.Release|Any CPU.ActiveCfg = Release|Any CPU
		{B2C3D4E5-F6A7-4890-9B2C-3D4E5F6A7B8C}.Release|Any CPU.Build.0 = Release|Any CPU
		{C3D4E5F6-A7B8-4901-AC3D-4E5F6A7B8C9D}.Debug|Any CPU.ActiveCfg = Debug|Any CPU
		{C3D4E5F6-A7B8-4901-AC3D-4E5F6A7B8C9D}.Debug|Any CPU.Build.0 = Debug|Any CPU
		{C3D4E5F6-A7B8-4901-AC3D-4E5F6A7B8C9D}.Release|Any CPU.ActiveCfg = Release|Any CPU
		{C3D4E5F6-A7B8-4901-AC3D-4E5F6A7B8C9D}.Release|Any CPU.Build.0 = Release|Any CPU
		{D4E5F6A7-B8C9-4012-BD4E-5F6A7B8C9D0E}.Debug|Any CPU.ActiveCfg = Debug|Any CPU
		{D4E5F6A7-B8C9-4012-BD4E-5F6A7B8C9D0E}.Debug|Any CPU.Build.0 = Debug|Any CPU
		{D4E5F6A7-B8C9-4012-BD4E-5F6A7B8C9D0E}.Release|Any CPU.ActiveCfg = Release|Any CPU
		{D4E5F6A7-B8C9-4012-BD4E-5F6A7B8C9D0E}.Release|Any CPU.Build.0 = Release|Any CPU
		{E5F6A7B8-C9D0-4123-CE5F-6A7B8C9D0E1F}.Debug|Any CPU.ActiveCfg = Debug|Any CPU
		{E5F6A7B8-C9D0-4123-CE5F-6A7B8C9D0E1F}.Debug|Any CPU.Build.0 = Debug|Any CPU
		{E5F6A7B8-C9D0-4123-CE5F-6A7B8C9D0E1F}.Release|Any CPU.ActiveCfg = Release|Any CPU
		{E5F6A7B8-C9D0-4123-CE5F-6A7B8C9D0E1F}.Release|Any CPU.Build.0 = Release|Any CPU
		{F6A7B8C9-D0E1-4234-DF6A-7B8C9D0E1F2A}.Debug|Any CPU.ActiveCfg = Debug|Any CPU
		{F6A7B8C9-D0E1-4234-DF6A-7B8C9D0E1F2A}.Debug|Any CPU.Build.0 = Debug|Any CPU
		{F6A7B8C9-D0E1-4234-DF6A-7B8C9D0E1F2A}.Release|Any CPU.ActiveCfg = Release|Any CPU
		{F6A7B8C9-D0E1-4234-DF6A-7B8C9D0E1F2A}.Release|Any CPU.Build.0 = Release|Any CPU
		{01234567-89AB-4CDE-AF01-23456789ABCD}.Debug|Any CPU.ActiveCfg = Debug|Any CPU
		{01234567-89AB-4CDE-AF01-23456789ABCD}.Debug|Any CPU.Build.0 = Debug|Any CPU
		{01234567-89AB-4CDE-AF01-23456789ABCD}.Release|Any CPU.ActiveCfg = Release|Any CPU
		{01234567-89AB-4CDE-AF01-23456789ABCD}.Release|Any CPU.Build.0 = Release|Any CPU
		{11234567-89AB-4CDE-AF01-23456789ABC1}.Debug|Any CPU.ActiveCfg = Debug|Any CPU
		{11234567-89AB-4CDE-AF01-23456789ABC1}.Debug|Any CPU.Build.0 = Debug|Any CPU
		{11234567-89AB-4CDE-AF01-23456789ABC1}.Release|Any CPU.ActiveCfg = Release|Any CPU
		{11234567-89AB-4CDE-AF01-23456789ABC1}.Release|Any CPU.Build.0 = Release|Any CPU
		{31234567-89AB-4CDE-AF01-23456789ABC3}.Debug|Any CPU.ActiveCfg = Debug|Any CPU
		{31234567-89AB-4CDE-AF01-23456789ABC3}.Debug|Any CPU.Build.0 = Debug|Any CPU
		{31234567-89AB-4CDE-AF01-23456789ABC3}.Release|Any CPU.ActiveCfg = Release|Any CPU
		{31234567-89AB-4CDE-AF01-23456789ABC3}.Release|Any CPU.Build.0 = Release|Any CPU
		{51234567-89AB-4CDE-AF01-23456789ABC5}.Debug|Any CPU.ActiveCfg = Debug|Any CPU
		{51234567-89AB-4CDE-AF01-23456789ABC5}.Debug|Any CPU.Build.0 = Debug|Any CPU
		{51234567-89AB-4CDE-AF01-23456789ABC5}.Release|Any CPU.ActiveCfg = Release|Any CPU
		{51234567-89AB-4CDE-AF01-23456789ABC5}.Release|Any CPU.Build.0 = Release|Any CPU
		{61234567-89AB-4CDE-AF01-23456789ABC6}.Debug|Any CPU.ActiveCfg = Debug|Any CPU
		{61234567-89AB-4CDE-AF01-23456789ABC6}.Debug|Any CPU.Build.0 = Debug|Any CPU
		{61234567-89AB-4CDE-AF01-23456789ABC6}.Release|Any CPU.ActiveCfg = Release|Any CPU
		{61234567-89AB-4CDE-AF01-23456789ABC6}.Release|Any CPU.Build.0 = Release|Any CPU
		{71234567-89AB-4CDE-AF01-23456789ABC7}.Debug|Any CPU.ActiveCfg = Debug|Any CPU
		{71234567-89AB-4CDE-AF01-23456789ABC7}.Debug|Any CPU.Build.0 = Debug|Any CPU
		{71234567-89AB-4CDE-AF01-23456789ABC7}.Release|Any CPU.ActiveCfg = Release|Any CPU
		{71234567-89AB-4CDE-AF01-23456789ABC7}.Release|Any CPU.Build.0 = Release|Any CPU
		{81234567-89AB-4CDE-AF01-23456789ABC8}.Debug|Any CPU.ActiveCfg = Debug|Any CPU
		{81234567-89AB-4CDE-AF01-23456789ABC8}.Debug|Any CPU.Build.0 = Debug|Any CPU
		{81234567-89AB-4CDE-AF01-23456789ABC8}.Release|Any CPU.ActiveCfg = Release|Any CPU
		{81234567-89AB-4CDE-AF01-23456789ABC8}.Release|Any CPU.Build.0 = Release|Any CPU
		{91234567-89AB-4CDE-AF01-23456789ABC9}.Debug|Any CPU.ActiveCfg = Debug|Any CPU
		{91234567-89AB-4CDE-AF01-23456789ABC9}.Debug|Any CPU.Build.0 = Debug|Any CPU
		{91234567-89AB-4CDE-AF01-23456789ABC9}.Release|Any CPU.ActiveCfg = Release|Any CPU
		{91234567-89AB-4CDE-AF01-23456789ABC9}.Release|Any CPU.Build.0 = Release|Any CPU
		{A1234567-89AB-4CDE-AF01-23456789ABCA}.Debug|Any CPU.ActiveCfg = Debug|Any CPU
		{A1234567-89AB-4CDE-AF01-23456789ABCA}.Debug|Any CPU.Build.0 = Debug|Any CPU
		{A1234567-89AB-4CDE-AF01-23456789ABCA}.Release|Any CPU.ActiveCfg = Release|Any CPU
		{A1234567-89AB-4CDE-AF01-23456789ABCA}.Release|Any CPU.Build.0 = Release|Any CPU
		{E1234567-89AB-4CDE-AF01-23456789ABC0}.Debug|Any CPU.ActiveCfg = Debug|Any CPU
		{E1234567-89AB-4CDE-AF01-23456789ABC0}.Debug|Any CPU.Build.0 = Debug|Any CPU
		{E1234567-89AB-4CDE-AF01-23456789ABC0}.Release|Any CPU.ActiveCfg = Release|Any CPU
		{E1234567-89AB-4CDE-AF01-23456789ABC0}.Release|Any CPU.Build.0 = Release|Any CPU
	EndGlobalSection
	GlobalSection(SolutionProperties) = preSolution
		HideSolutionNode = FALSE
	EndGlobalSection
EndGlobal
